
Microsoft Visual Studio Solution File, Format Version 12.00
# Visual Studio Version 16
VisualStudioVersion = 16.0.32630.194
MinimumVisualStudioVersion = 10.0.40219.1
Project("{FAE04EC0-301F-11D3-BF4B-00C04F79EFBC}") = "Myproject1", "Myproject1\Myproject1.csproj", "{07409C14-A606-490B-829E-82FC289EFEC9}"
EndProject
Global
	GlobalSection(SolutionConfigurationPlatforms) = preSolution
		Debug|Any CPU = Debug|Any CPU
		Release|Any CPU = Release|Any CPU
	EndGlobalSection
	GlobalSection(ProjectConfigurationPlatforms) = postSolution
		{07409C14-A606-490B-829E-82FC289EFEC9}.Debug|Any CPU.ActiveCfg = Debug|Any CPU
		{07409C14-A606-490B-829E-82FC289EFEC9}.Debug|Any CPU.Build.0 = Debug|Any CPU
		{07409C14-A606-490B-829E-82FC289EFEC9}.Release|Any CPU.ActiveCfg = Release|Any CPU
		{07409C14-A606-490B-829E-82FC289EFEC9}.Release|Any CPU.Build.0 = Release|Any CPU
	EndGlobalSection
	GlobalSection(SolutionProperties) = preSolution
		HideSolutionNode = FALSE
	EndGlobalSection
	GlobalSection(ExtensibilityGlobals) = postSolution
		SolutionGuid = {518692D0-F458-44F3-A84A-F840C30DB1FD}
	EndGlobalSection
EndGlobal
